// !$*UTF8*$!
{
	archiveVersion = 1;
	classes = {
	};
	objectVersion = 46;
	objects = {

/* Begin PBXBuildFile section */
		2426EE1813442DB9009D3E6D /* Orb3.png in Resources */ = {isa = PBXBuildFile; fileRef = 2426EE1713442DB9009D3E6D /* Orb3.png */; };
		2467F8F41338EAFF004E7FF9 /* PlayState.cpp in Sources */ = {isa = PBXBuildFile; fileRef = 2467F8F21338EAFF004E7FF9 /* PlayState.cpp */; };
		2467F8F51338EAFF004E7FF9 /* PlayState.h in Headers */ = {isa = PBXBuildFile; fileRef = 2467F8F31338EAFF004E7FF9 /* PlayState.h */; };
		2467F8F81338EBBD004E7FF9 /* hey.wav in Resources */ = {isa = PBXBuildFile; fileRef = 2467F8F61338EBBD004E7FF9 /* hey.wav */; };
		2467F8FB1338ECC3004E7FF9 /* menu.mp3 in Resources */ = {isa = PBXBuildFile; fileRef = 2467F8FA1338ECC3004E7FF9 /* menu.mp3 */; };
		5103332913326EB20097CD96 /* AVFoundation.framework in Frameworks */ = {isa = PBXBuildFile; fileRef = 5103332813326EB20097CD96 /* AVFoundation.framework */; };
		510C25DA13019C7D00CFE26E /* libz.dylib in Frameworks */ = {isa = PBXBuildFile; fileRef = 510C25D913019C7D00CFE26E /* libz.dylib */; };
		511276D212FF02FE008EAB02 /* UIKit.framework in Frameworks */ = {isa = PBXBuildFile; fileRef = 511276D112FF02FE008EAB02 /* UIKit.framework */; };
		511276D412FF02FE008EAB02 /* Foundation.framework in Frameworks */ = {isa = PBXBuildFile; fileRef = 511276D312FF02FE008EAB02 /* Foundation.framework */; };
		511276D612FF02FE008EAB02 /* CoreGraphics.framework in Frameworks */ = {isa = PBXBuildFile; fileRef = 511276D512FF02FE008EAB02 /* CoreGraphics.framework */; };
		511276D812FF02FE008EAB02 /* QuartzCore.framework in Frameworks */ = {isa = PBXBuildFile; fileRef = 511276D712FF02FE008EAB02 /* QuartzCore.framework */; };
		511276DA12FF02FE008EAB02 /* OpenGLES.framework in Frameworks */ = {isa = PBXBuildFile; fileRef = 511276D912FF02FE008EAB02 /* OpenGLES.framework */; };
		5112772812FF1DA4008EAB02 /* EAGLView.m in Sources */ = {isa = PBXBuildFile; fileRef = 5112771612FF1DA4008EAB02 /* EAGLView.m */; };
		5112772912FF1DA4008EAB02 /* main.m in Sources */ = {isa = PBXBuildFile; fileRef = 5112772012FF1DA4008EAB02 /* main.m */; };
		5112772A12FF1DA4008EAB02 /* RedBoxApp-Info.plist in Resources */ = {isa = PBXBuildFile; fileRef = 5112772112FF1DA4008EAB02 /* RedBoxApp-Info.plist */; };
		5112772B12FF1DA4008EAB02 /* RedBoxAppAppDelegate.m in Sources */ = {isa = PBXBuildFile; fileRef = 5112772412FF1DA4008EAB02 /* RedBoxAppAppDelegate.m */; };
		5112772C12FF1DA4008EAB02 /* RedBoxAppViewController.m in Sources */ = {isa = PBXBuildFile; fileRef = 5112772612FF1DA4008EAB02 /* RedBoxAppViewController.m */; };
		5115512412FF54A8003E656A /* MainWindow.xib in Resources */ = {isa = PBXBuildFile; fileRef = 5112771912FF1DA4008EAB02 /* MainWindow.xib */; };
		5115512912FF54AA003E656A /* RedBoxAppViewController.xib in Resources */ = {isa = PBXBuildFile; fileRef = 5112771B12FF1DA4008EAB02 /* RedBoxAppViewController.xib */; };
		5115512A12FF54B9003E656A /* MainWindow-iPad.xib in Resources */ = {isa = PBXBuildFile; fileRef = 5112771E12FF1DA4008EAB02 /* MainWindow-iPad.xib */; };
		51578C821301BEAB009862CE /* libRedBox.a in Frameworks */ = {isa = PBXBuildFile; fileRef = 515EB55412FF3C12004FB469 /* libRedBox.a */; };
		51C96A59132D459000A9B088 /* OpenAL.framework in Frameworks */ = {isa = PBXBuildFile; fileRef = 51C96A58132D459000A9B088 /* OpenAL.framework */; };
/* End PBXBuildFile section */

/* Begin PBXContainerItemProxy section */
		510C261913019E9500CFE26E /* PBXContainerItemProxy */ = {
			isa = PBXContainerItemProxy;
			containerPortal = 5112773A12FF2011008EAB02 /* RedBox.xcodeproj */;
			proxyType = 1;
			remoteGlobalIDString = 5192774611D5B0F100C65B15;
			remoteInfo = RedBox;
		};
		515EB55312FF3C12004FB469 /* PBXContainerItemProxy */ = {
			isa = PBXContainerItemProxy;
			containerPortal = 5112773A12FF2011008EAB02 /* RedBox.xcodeproj */;
			proxyType = 2;
			remoteGlobalIDString = 515EB50512FF34AA004FB469;
			remoteInfo = RedBox;
		};
/* End PBXContainerItemProxy section */

/* Begin PBXFileReference section */
		2426EE1713442DB9009D3E6D /* Orb3.png */ = {isa = PBXFileReference; lastKnownFileType = image.png; path = Orb3.png; sourceTree = "<group>"; };
		2467F8F21338EAFF004E7FF9 /* PlayState.cpp */ = {isa = PBXFileReference; fileEncoding = 4; lastKnownFileType = sourcecode.cpp.cpp; path = PlayState.cpp; sourceTree = "<group>"; };
		2467F8F31338EAFF004E7FF9 /* PlayState.h */ = {isa = PBXFileReference; fileEncoding = 4; lastKnownFileType = sourcecode.c.h; path = PlayState.h; sourceTree = "<group>"; };
		2467F8F61338EBBD004E7FF9 /* hey.wav */ = {isa = PBXFileReference; lastKnownFileType = audio.wav; path = hey.wav; sourceTree = "<group>"; };
		2467F8FA1338ECC3004E7FF9 /* menu.mp3 */ = {isa = PBXFileReference; lastKnownFileType = audio.mp3; path = menu.mp3; sourceTree = "<group>"; };
		5103332813326EB20097CD96 /* AVFoundation.framework */ = {isa = PBXFileReference; lastKnownFileType = wrapper.framework; name = AVFoundation.framework; path = System/Library/Frameworks/AVFoundation.framework; sourceTree = SDKROOT; };
		510C25D913019C7D00CFE26E /* libz.dylib */ = {isa = PBXFileReference; lastKnownFileType = "compiled.mach-o.dylib"; name = libz.dylib; path = usr/lib/libz.dylib; sourceTree = SDKROOT; };
		511276CD12FF02FE008EAB02 /* RedBoxApp.app */ = {isa = PBXFileReference; explicitFileType = wrapper.application; includeInIndex = 0; path = RedBoxApp.app; sourceTree = BUILT_PRODUCTS_DIR; };
		511276D112FF02FE008EAB02 /* UIKit.framework */ = {isa = PBXFileReference; lastKnownFileType = wrapper.framework; name = UIKit.framework; path = System/Library/Frameworks/UIKit.framework; sourceTree = SDKROOT; };
		511276D312FF02FE008EAB02 /* Foundation.framework */ = {isa = PBXFileReference; lastKnownFileType = wrapper.framework; name = Foundation.framework; path = System/Library/Frameworks/Foundation.framework; sourceTree = SDKROOT; };
		511276D512FF02FE008EAB02 /* CoreGraphics.framework */ = {isa = PBXFileReference; lastKnownFileType = wrapper.framework; name = CoreGraphics.framework; path = System/Library/Frameworks/CoreGraphics.framework; sourceTree = SDKROOT; };
		511276D712FF02FE008EAB02 /* QuartzCore.framework */ = {isa = PBXFileReference; lastKnownFileType = wrapper.framework; name = QuartzCore.framework; path = System/Library/Frameworks/QuartzCore.framework; sourceTree = SDKROOT; };
		511276D912FF02FE008EAB02 /* OpenGLES.framework */ = {isa = PBXFileReference; lastKnownFileType = wrapper.framework; name = OpenGLES.framework; path = System/Library/Frameworks/OpenGLES.framework; sourceTree = SDKROOT; };
		5112771512FF1DA4008EAB02 /* EAGLView.h */ = {isa = PBXFileReference; fileEncoding = 4; lastKnownFileType = sourcecode.c.h; path = EAGLView.h; sourceTree = "<group>"; };
		5112771612FF1DA4008EAB02 /* EAGLView.m */ = {isa = PBXFileReference; fileEncoding = 4; lastKnownFileType = sourcecode.c.objc; path = EAGLView.m; sourceTree = "<group>"; };
		5112771812FF1DA4008EAB02 /* en */ = {isa = PBXFileReference; fileEncoding = 4; lastKnownFileType = text.plist.strings; name = en; path = en.lproj/InfoPlist.strings; sourceTree = "<group>"; };
		5112771A12FF1DA4008EAB02 /* en */ = {isa = PBXFileReference; fileEncoding = 4; lastKnownFileType = file.xib; name = en; path = en.lproj/MainWindow.xib; sourceTree = "<group>"; };
		5112771C12FF1DA4008EAB02 /* en */ = {isa = PBXFileReference; fileEncoding = 4; lastKnownFileType = file.xib; name = en; path = en.lproj/RedBoxAppViewController.xib; sourceTree = "<group>"; };
		5112771F12FF1DA4008EAB02 /* en */ = {isa = PBXFileReference; fileEncoding = 4; lastKnownFileType = file.xib; name = en; path = "en.lproj/MainWindow-iPad.xib"; sourceTree = "<group>"; };
		5112772012FF1DA4008EAB02 /* main.m */ = {isa = PBXFileReference; fileEncoding = 4; lastKnownFileType = sourcecode.c.objc; path = main.m; sourceTree = "<group>"; };
		5112772112FF1DA4008EAB02 /* RedBoxApp-Info.plist */ = {isa = PBXFileReference; fileEncoding = 4; lastKnownFileType = text.plist.xml; path = "RedBoxApp-Info.plist"; sourceTree = "<group>"; };
		5112772212FF1DA4008EAB02 /* RedBoxApp-Prefix.pch */ = {isa = PBXFileReference; fileEncoding = 4; lastKnownFileType = sourcecode.c.h; path = "RedBoxApp-Prefix.pch"; sourceTree = "<group>"; };
		5112772312FF1DA4008EAB02 /* RedBoxAppAppDelegate.h */ = {isa = PBXFileReference; fileEncoding = 4; lastKnownFileType = sourcecode.c.h; path = RedBoxAppAppDelegate.h; sourceTree = "<group>"; };
		5112772412FF1DA4008EAB02 /* RedBoxAppAppDelegate.m */ = {isa = PBXFileReference; fileEncoding = 4; lastKnownFileType = sourcecode.c.objc; path = RedBoxAppAppDelegate.m; sourceTree = "<group>"; };
		5112772512FF1DA4008EAB02 /* RedBoxAppViewController.h */ = {isa = PBXFileReference; fileEncoding = 4; lastKnownFileType = sourcecode.c.h; path = RedBoxAppViewController.h; sourceTree = "<group>"; };
		5112772612FF1DA4008EAB02 /* RedBoxAppViewController.m */ = {isa = PBXFileReference; fileEncoding = 4; lastKnownFileType = sourcecode.c.objc; path = RedBoxAppViewController.m; sourceTree = "<group>"; };
		5112773012FF1DD3008EAB02 /* Loader.h */ = {isa = PBXFileReference; fileEncoding = 4; lastKnownFileType = sourcecode.c.h; path = Loader.h; sourceTree = "<group>"; };
		5112773A12FF2011008EAB02 /* RedBox.xcodeproj */ = {isa = PBXFileReference; lastKnownFileType = "wrapper.pb-project"; name = RedBox.xcodeproj; path = redbox/ide/Xcode/RedBox.xcodeproj; sourceTree = "<group>"; };
		51C96A56132D457100A9B088 /* OpenAL.framework */ = {isa = PBXFileReference; lastKnownFileType = wrapper.framework; name = OpenAL.framework; path = System/Library/Frameworks/OpenAL.framework; sourceTree = SDKROOT; };
		51C96A58132D459000A9B088 /* OpenAL.framework */ = {isa = PBXFileReference; lastKnownFileType = wrapper.framework; name = OpenAL.framework; path = System/Library/Frameworks/OpenAL.framework; sourceTree = SDKROOT; };
/* End PBXFileReference section */

/* Begin PBXFrameworksBuildPhase section */
		511276CA12FF02FD008EAB02 /* Frameworks */ = {
			isa = PBXFrameworksBuildPhase;
			buildActionMask = 2147483647;
			files = (
				5103332913326EB20097CD96 /* AVFoundation.framework in Frameworks */,
				51C96A59132D459000A9B088 /* OpenAL.framework in Frameworks */,
				510C25DA13019C7D00CFE26E /* libz.dylib in Frameworks */,
				511276D212FF02FE008EAB02 /* UIKit.framework in Frameworks */,
				511276D412FF02FE008EAB02 /* Foundation.framework in Frameworks */,
				511276D612FF02FE008EAB02 /* CoreGraphics.framework in Frameworks */,
				511276D812FF02FE008EAB02 /* QuartzCore.framework in Frameworks */,
				511276DA12FF02FE008EAB02 /* OpenGLES.framework in Frameworks */,
				51578C821301BEAB009862CE /* libRedBox.a in Frameworks */,
			);
			runOnlyForDeploymentPostprocessing = 0;
		};
/* End PBXFrameworksBuildPhase section */

/* Begin PBXGroup section */
		2426EE1613442DB9009D3E6D /* test */ = {
			isa = PBXGroup;
			children = (
				2426EE1713442DB9009D3E6D /* Orb3.png */,
			);
			path = test;
			sourceTree = "<group>";
		};
		510C25CA13019BF100CFE26E /* resources */ = {
			isa = PBXGroup;
			children = (
				2426EE1613442DB9009D3E6D /* test */,
				2467F8F61338EBBD004E7FF9 /* hey.wav */,
				2467F8FA1338ECC3004E7FF9 /* menu.mp3 */,
			);
			name = resources;
			path = ../../resources;
			sourceTree = "<group>";
		};
		511276C212FF02FD008EAB02 = {
			isa = PBXGroup;
			children = (
				5112772D12FF1DD3008EAB02 /* application */,
				510C25CA13019BF100CFE26E /* resources */,
				5112773312FF1DF3008EAB02 /* libraries */,
				5112771412FF1DA4008EAB02 /* xcode_specific */,
				511276D012FF02FE008EAB02 /* Frameworks */,
				511276CE12FF02FE008EAB02 /* Products */,
			);
			sourceTree = "<group>";
		};
		511276CE12FF02FE008EAB02 /* Products */ = {
			isa = PBXGroup;
			children = (
				511276CD12FF02FE008EAB02 /* RedBoxApp.app */,
			);
			name = Products;
			sourceTree = "<group>";
		};
		511276D012FF02FE008EAB02 /* Frameworks */ = {
			isa = PBXGroup;
			children = (
				5103332813326EB20097CD96 /* AVFoundation.framework */,
				51C96A58132D459000A9B088 /* OpenAL.framework */,
				510C25D913019C7D00CFE26E /* libz.dylib */,
				51C96A56132D457100A9B088 /* OpenAL.framework */,
				511276D112FF02FE008EAB02 /* UIKit.framework */,
				511276D312FF02FE008EAB02 /* Foundation.framework */,
				511276D512FF02FE008EAB02 /* CoreGraphics.framework */,
				511276D712FF02FE008EAB02 /* QuartzCore.framework */,
				511276D912FF02FE008EAB02 /* OpenGLES.framework */,
			);
			name = Frameworks;
			sourceTree = "<group>";
		};
		5112771412FF1DA4008EAB02 /* xcode_specific */ = {
			isa = PBXGroup;
			children = (
				5112771512FF1DA4008EAB02 /* EAGLView.h */,
				5112771612FF1DA4008EAB02 /* EAGLView.m */,
				5112771712FF1DA4008EAB02 /* InfoPlist.strings */,
				5112771912FF1DA4008EAB02 /* MainWindow.xib */,
				5112771E12FF1DA4008EAB02 /* MainWindow-iPad.xib */,
				5112771B12FF1DA4008EAB02 /* RedBoxAppViewController.xib */,
				5112772012FF1DA4008EAB02 /* main.m */,
				5112772112FF1DA4008EAB02 /* RedBoxApp-Info.plist */,
				5112772212FF1DA4008EAB02 /* RedBoxApp-Prefix.pch */,
				5112772312FF1DA4008EAB02 /* RedBoxAppAppDelegate.h */,
				5112772412FF1DA4008EAB02 /* RedBoxAppAppDelegate.m */,
				5112772512FF1DA4008EAB02 /* RedBoxAppViewController.h */,
				5112772612FF1DA4008EAB02 /* RedBoxAppViewController.m */,
			);
			path = xcode_specific;
			sourceTree = SOURCE_ROOT;
		};
		5112772D12FF1DD3008EAB02 /* application */ = {
			isa = PBXGroup;
			children = (
				5112773012FF1DD3008EAB02 /* Loader.h */,
				2467F8F21338EAFF004E7FF9 /* PlayState.cpp */,
				2467F8F31338EAFF004E7FF9 /* PlayState.h */,
			);
			name = application;
			path = ../../application;
			sourceTree = "<group>";
		};
		5112773312FF1DF3008EAB02 /* libraries */ = {
			isa = PBXGroup;
			children = (
				51589DAD12FF329C00834D4D /* redbox */,
			);
			name = libraries;
			path = ../../libraries;
			sourceTree = "<group>";
		};
		51589DAD12FF329C00834D4D /* redbox */ = {
			isa = PBXGroup;
			children = (
				5112773A12FF2011008EAB02 /* RedBox.xcodeproj */,
			);
			name = redbox;
			sourceTree = "<group>";
		};
		515EB54E12FF3C12004FB469 /* Products */ = {
			isa = PBXGroup;
			children = (
				515EB55412FF3C12004FB469 /* libRedBox.a */,
			);
			name = Products;
			sourceTree = "<group>";
		};
/* End PBXGroup section */

/* Begin PBXHeadersBuildPhase section */
		51589D9E12FF2F9500834D4D /* Headers */ = {
			isa = PBXHeadersBuildPhase;
			buildActionMask = 2147483647;
			files = (
				2467F8F51338EAFF004E7FF9 /* PlayState.h in Headers */,
			);
			runOnlyForDeploymentPostprocessing = 0;
		};
/* End PBXHeadersBuildPhase section */

/* Begin PBXNativeTarget section */
		511276CC12FF02FD008EAB02 /* RedBoxApp */ = {
			isa = PBXNativeTarget;
			buildConfigurationList = 511276F912FF02FE008EAB02 /* Build configuration list for PBXNativeTarget "RedBoxApp" */;
			buildPhases = (
				511276C912FF02FD008EAB02 /* Sources */,
				511276CA12FF02FD008EAB02 /* Frameworks */,
				511276CB12FF02FD008EAB02 /* Resources */,
				51589D9E12FF2F9500834D4D /* Headers */,
			);
			buildRules = (
			);
			dependencies = (
				510C261A13019E9500CFE26E /* PBXTargetDependency */,
			);
			name = RedBoxApp;
			productName = RedBoxApp;
			productReference = 511276CD12FF02FE008EAB02 /* RedBoxApp.app */;
			productType = "com.apple.product-type.application";
		};
/* End PBXNativeTarget section */

/* Begin PBXProject section */
		511276C412FF02FD008EAB02 /* Project object */ = {
			isa = PBXProject;
			attributes = {
				ORGANIZATIONNAME = "Anhero Inc.";
			};
			buildConfigurationList = 511276C712FF02FD008EAB02 /* Build configuration list for PBXProject "RedBoxApp" */;
			compatibilityVersion = "Xcode 3.2";
			developmentRegion = English;
			hasScannedForEncodings = 0;
			knownRegions = (
				en,
			);
			mainGroup = 511276C212FF02FD008EAB02;
			productRefGroup = 511276CE12FF02FE008EAB02 /* Products */;
			projectDirPath = "";
			projectReferences = (
				{
					ProductGroup = 515EB54E12FF3C12004FB469 /* Products */;
					ProjectRef = 5112773A12FF2011008EAB02 /* RedBox.xcodeproj */;
				},
			);
			projectRoot = "";
			targets = (
				511276CC12FF02FD008EAB02 /* RedBoxApp */,
			);
		};
/* End PBXProject section */

/* Begin PBXReferenceProxy section */
		515EB55412FF3C12004FB469 /* libRedBox.a */ = {
			isa = PBXReferenceProxy;
			fileType = archive.ar;
			path = libRedBox.a;
			remoteRef = 515EB55312FF3C12004FB469 /* PBXContainerItemProxy */;
			sourceTree = BUILT_PRODUCTS_DIR;
		};
/* End PBXReferenceProxy section */

/* Begin PBXResourcesBuildPhase section */
		511276CB12FF02FD008EAB02 /* Resources */ = {
			isa = PBXResourcesBuildPhase;
			buildActionMask = 2147483647;
			files = (
				5112772A12FF1DA4008EAB02 /* RedBoxApp-Info.plist in Resources */,
				5115512912FF54AA003E656A /* RedBoxAppViewController.xib in Resources */,
				5115512A12FF54B9003E656A /* MainWindow-iPad.xib in Resources */,
				5115512412FF54A8003E656A /* MainWindow.xib in Resources */,
				2467F8F81338EBBD004E7FF9 /* hey.wav in Resources */,
				2467F8FB1338ECC3004E7FF9 /* menu.mp3 in Resources */,
				2426EE1813442DB9009D3E6D /* Orb3.png in Resources */,
			);
			runOnlyForDeploymentPostprocessing = 0;
		};
/* End PBXResourcesBuildPhase section */

/* Begin PBXSourcesBuildPhase section */
		511276C912FF02FD008EAB02 /* Sources */ = {
			isa = PBXSourcesBuildPhase;
			buildActionMask = 2147483647;
			files = (
				5112772812FF1DA4008EAB02 /* EAGLView.m in Sources */,
				5112772912FF1DA4008EAB02 /* main.m in Sources */,
				5112772B12FF1DA4008EAB02 /* RedBoxAppAppDelegate.m in Sources */,
				5112772C12FF1DA4008EAB02 /* RedBoxAppViewController.m in Sources */,
				2467F8F41338EAFF004E7FF9 /* PlayState.cpp in Sources */,
			);
			runOnlyForDeploymentPostprocessing = 0;
		};
/* End PBXSourcesBuildPhase section */

/* Begin PBXTargetDependency section */
		510C261A13019E9500CFE26E /* PBXTargetDependency */ = {
			isa = PBXTargetDependency;
			name = RedBox;
			targetProxy = 510C261913019E9500CFE26E /* PBXContainerItemProxy */;
		};
/* End PBXTargetDependency section */

/* Begin PBXVariantGroup section */
		5112771712FF1DA4008EAB02 /* InfoPlist.strings */ = {
			isa = PBXVariantGroup;
			children = (
				5112771812FF1DA4008EAB02 /* en */,
			);
			name = InfoPlist.strings;
			sourceTree = "<group>";
		};
		5112771912FF1DA4008EAB02 /* MainWindow.xib */ = {
			isa = PBXVariantGroup;
			children = (
				5112771A12FF1DA4008EAB02 /* en */,
			);
			name = MainWindow.xib;
			sourceTree = "<group>";
		};
		5112771B12FF1DA4008EAB02 /* RedBoxAppViewController.xib */ = {
			isa = PBXVariantGroup;
			children = (
				5112771C12FF1DA4008EAB02 /* en */,
			);
			name = RedBoxAppViewController.xib;
			sourceTree = "<group>";
		};
		5112771E12FF1DA4008EAB02 /* MainWindow-iPad.xib */ = {
			isa = PBXVariantGroup;
			children = (
				5112771F12FF1DA4008EAB02 /* en */,
			);
			name = "MainWindow-iPad.xib";
			path = iPad;
			sourceTree = "<group>";
		};
/* End PBXVariantGroup section */

/* Begin XCBuildConfiguration section */
		511276F712FF02FE008EAB02 /* Debug */ = {
			isa = XCBuildConfiguration;
			buildSettings = {
				ARCHS = "$(ARCHS_STANDARD_32_BIT)";
				"CODE_SIGN_IDENTITY[sdk=iphoneos*]" = "iPhone Developer";
				COMPRESS_PNG_FILES = NO;
				GCC_C_LANGUAGE_STANDARD = gnu99;
				GCC_INPUT_FILETYPE = sourcecode.cpp.objcpp;
				GCC_OPTIMIZATION_LEVEL = 0;
				GCC_PREPROCESSOR_DEFINITIONS = DEBUG;
				GCC_VERSION = com.apple.compilers.llvm.clang.1_0;
				GCC_WARN_ABOUT_RETURN_TYPE = YES;
				GCC_WARN_UNUSED_VARIABLE = YES;
				INFOPLIST_FILE = "xcode_specific/RedBoxApp-Info.plist";
				IPHONEOS_DEPLOYMENT_TARGET = 3.0;
				SDKROOT = iphoneos;
				TARGETED_DEVICE_FAMILY = "1,2";
			};
			name = Debug;
		};
		511276F812FF02FE008EAB02 /* Release */ = {
			isa = XCBuildConfiguration;
			buildSettings = {
				ARCHS = "$(ARCHS_STANDARD_32_BIT)";
				"CODE_SIGN_IDENTITY[sdk=iphoneos*]" = "iPhone Developer";
				COMPRESS_PNG_FILES = NO;
				GCC_C_LANGUAGE_STANDARD = gnu99;
				GCC_INPUT_FILETYPE = sourcecode.cpp.objcpp;
				GCC_VERSION = com.apple.compilers.llvm.clang.1_0;
				GCC_WARN_ABOUT_RETURN_TYPE = YES;
				GCC_WARN_UNUSED_VARIABLE = YES;
				INFOPLIST_FILE = "xcode_specific/RedBoxApp-Info.plist";
				IPHONEOS_DEPLOYMENT_TARGET = 3.0;
				OTHER_CFLAGS = "-DNS_BLOCK_ASSERTIONS=1";
				SDKROOT = iphoneos;
				TARGETED_DEVICE_FAMILY = "1,2";
			};
			name = Release;
		};
		511276FA12FF02FE008EAB02 /* Debug */ = {
			isa = XCBuildConfiguration;
			buildSettings = {
				ALWAYS_SEARCH_USER_PATHS = YES;
				COPY_PHASE_STRIP = NO;
				GCC_DYNAMIC_NO_PIC = NO;
				GCC_PRECOMPILE_PREFIX_HEADER = YES;
				GCC_PREFIX_HEADER = "xcode_specific/RedBoxApp-Prefix.pch";
				"GCC_THUMB_SUPPORT[arch=armv6]" = "";
				HEADER_SEARCH_PATHS = ../../libraries/redbox/libraries/ios/universal/include;
				PRODUCT_NAME = "$(TARGET_NAME)";
				USER_HEADER_SEARCH_PATHS = "../../libraries/redbox/RedBox/**";
				WRAPPER_EXTENSION = app;
			};
			name = Debug;
		};
		511276FB12FF02FE008EAB02 /* Release */ = {
			isa = XCBuildConfiguration;
			buildSettings = {
				ALWAYS_SEARCH_USER_PATHS = YES;
				COPY_PHASE_STRIP = YES;
				GCC_PRECOMPILE_PREFIX_HEADER = YES;
				GCC_PREFIX_HEADER = "xcode_specific/RedBoxApp-Prefix.pch";
				"GCC_THUMB_SUPPORT[arch=armv6]" = "";
				HEADER_SEARCH_PATHS = ../../libraries/redbox/libraries/ios/universal/include;
				PRODUCT_NAME = "$(TARGET_NAME)";
				USER_HEADER_SEARCH_PATHS = "../../libraries/redbox/RedBox/**";
				VALIDATE_PRODUCT = YES;
				WRAPPER_EXTENSION = app;
			};
			name = Release;
		};
/* End XCBuildConfiguration section */

/* Begin XCConfigurationList section */
		511276C712FF02FD008EAB02 /* Build configuration list for PBXProject "RedBoxApp" */ = {
			isa = XCConfigurationList;
			buildConfigurations = (
				511276F712FF02FE008EAB02 /* Debug */,
				511276F812FF02FE008EAB02 /* Release */,
			);
			defaultConfigurationIsVisible = 0;
			defaultConfigurationName = Release;
		};
		511276F912FF02FE008EAB02 /* Build configuration list for PBXNativeTarget "RedBoxApp" */ = {
			isa = XCConfigurationList;
			buildConfigurations = (
				511276FA12FF02FE008EAB02 /* Debug */,
				511276FB12FF02FE008EAB02 /* Release */,
			);
			defaultConfigurationIsVisible = 0;
			defaultConfigurationName = Release;
		};
/* End XCConfigurationList section */
	};
	rootObject = 511276C412FF02FD008EAB02 /* Project object */;
}
