// !$*UTF8*$!
{
	archiveVersion = 1;
	classes = {
	};
	objectVersion = 46;
	objects = {

/* Begin PBXBuildFile section */
		5103332913326EB20097CD96 /* AVFoundation.framework in Frameworks */ = {isa = PBXBuildFile; fileRef = 5103332813326EB20097CD96 /* AVFoundation.framework */; };
		510C25DA13019C7D00CFE26E /* libz.dylib in Frameworks */ = {isa = PBXBuildFile; fileRef = 510C25D913019C7D00CFE26E /* libz.dylib */; };
		511276D212FF02FE008EAB02 /* UIKit.framework in Frameworks */ = {isa = PBXBuildFile; fileRef = 511276D112FF02FE008EAB02 /* UIKit.framework */; };
		511276D412FF02FE008EAB02 /* Foundation.framework in Frameworks */ = {isa = PBXBuildFile; fileRef = 511276D312FF02FE008EAB02 /* Foundation.framework */; };
		511276D612FF02FE008EAB02 /* CoreGraphics.framework in Frameworks */ = {isa = PBXBuildFile; fileRef = 511276D512FF02FE008EAB02 /* CoreGraphics.framework */; };
		511276D812FF02FE008EAB02 /* QuartzCore.framework in Frameworks */ = {isa = PBXBuildFile; fileRef = 511276D712FF02FE008EAB02 /* QuartzCore.framework */; };
		511276DA12FF02FE008EAB02 /* OpenGLES.framework in Frameworks */ = {isa = PBXBuildFile; fileRef = 511276D912FF02FE008EAB02 /* OpenGLES.framework */; };
		512AD25113C62F54009D9324 /* main.cpp in Sources */ = {isa = PBXBuildFile; fileRef = 512AD25013C62F54009D9324 /* main.cpp */; };
		51C1F0DB13C66ACB00C2269A /* BaconBoxApp-Info.plist in Resources */ = {isa = PBXBuildFile; fileRef = 51C1F0DA13C66ACB00C2269A /* BaconBoxApp-Info.plist */; };
		51C1F1A213C74C8500C2269A /* libBaconBox.a in Frameworks */ = {isa = PBXBuildFile; fileRef = 51C1F1A113C74C7C00C2269A /* libBaconBox.a */; };
		51C96A59132D459000A9B088 /* OpenAL.framework in Frameworks */ = {isa = PBXBuildFile; fileRef = 51C96A58132D459000A9B088 /* OpenAL.framework */; };
/* End PBXBuildFile section */

/* Begin PBXContainerItemProxy section */
		51C1F1A013C74C7C00C2269A /* PBXContainerItemProxy */ = {
			isa = PBXContainerItemProxy;
			containerPortal = 51C1F19913C74C7C00C2269A /* BaconBox.xcodeproj */;
			proxyType = 2;
			remoteGlobalIDString = 515EB50512FF34AA004FB469;
			remoteInfo = BaconBox;
		};
		51C1F1A313C74C8800C2269A /* PBXContainerItemProxy */ = {
			isa = PBXContainerItemProxy;
			containerPortal = 51C1F19913C74C7C00C2269A /* BaconBox.xcodeproj */;
			proxyType = 1;
			remoteGlobalIDString = 5192774611D5B0F100C65B15;
			remoteInfo = BaconBox;
		};
/* End PBXContainerItemProxy section */

/* Begin PBXFileReference section */
		5103332813326EB20097CD96 /* AVFoundation.framework */ = {isa = PBXFileReference; lastKnownFileType = wrapper.framework; name = AVFoundation.framework; path = System/Library/Frameworks/AVFoundation.framework; sourceTree = SDKROOT; };
		510C25D913019C7D00CFE26E /* libz.dylib */ = {isa = PBXFileReference; lastKnownFileType = "compiled.mach-o.dylib"; name = libz.dylib; path = usr/lib/libz.dylib; sourceTree = SDKROOT; };
		511276CD12FF02FE008EAB02 /* BaconBoxApp.app */ = {isa = PBXFileReference; explicitFileType = wrapper.application; includeInIndex = 0; path = BaconBoxApp.app; sourceTree = BUILT_PRODUCTS_DIR; };
		511276D112FF02FE008EAB02 /* UIKit.framework */ = {isa = PBXFileReference; lastKnownFileType = wrapper.framework; name = UIKit.framework; path = System/Library/Frameworks/UIKit.framework; sourceTree = SDKROOT; };
		511276D312FF02FE008EAB02 /* Foundation.framework */ = {isa = PBXFileReference; lastKnownFileType = wrapper.framework; name = Foundation.framework; path = System/Library/Frameworks/Foundation.framework; sourceTree = SDKROOT; };
		511276D512FF02FE008EAB02 /* CoreGraphics.framework */ = {isa = PBXFileReference; lastKnownFileType = wrapper.framework; name = CoreGraphics.framework; path = System/Library/Frameworks/CoreGraphics.framework; sourceTree = SDKROOT; };
		511276D712FF02FE008EAB02 /* QuartzCore.framework */ = {isa = PBXFileReference; lastKnownFileType = wrapper.framework; name = QuartzCore.framework; path = System/Library/Frameworks/QuartzCore.framework; sourceTree = SDKROOT; };
		511276D912FF02FE008EAB02 /* OpenGLES.framework */ = {isa = PBXFileReference; lastKnownFileType = wrapper.framework; name = OpenGLES.framework; path = System/Library/Frameworks/OpenGLES.framework; sourceTree = SDKROOT; };
		512AD25013C62F54009D9324 /* main.cpp */ = {isa = PBXFileReference; fileEncoding = 4; lastKnownFileType = sourcecode.cpp.cpp; path = main.cpp; sourceTree = "<group>"; };
		51C1F0DA13C66ACB00C2269A /* BaconBoxApp-Info.plist */ = {isa = PBXFileReference; fileEncoding = 4; lastKnownFileType = text.plist.xml; path = "BaconBoxApp-Info.plist"; sourceTree = "<group>"; };
		51C1F19913C74C7C00C2269A /* BaconBox.xcodeproj */ = {isa = PBXFileReference; lastKnownFileType = "wrapper.pb-project"; name = BaconBox.xcodeproj; path = baconbox/ide/ios/BaconBox.xcodeproj; sourceTree = "<group>"; };
		51C96A56132D457100A9B088 /* OpenAL.framework */ = {isa = PBXFileReference; lastKnownFileType = wrapper.framework; name = OpenAL.framework; path = System/Library/Frameworks/OpenAL.framework; sourceTree = SDKROOT; };
		51C96A58132D459000A9B088 /* OpenAL.framework */ = {isa = PBXFileReference; lastKnownFileType = wrapper.framework; name = OpenAL.framework; path = System/Library/Frameworks/OpenAL.framework; sourceTree = SDKROOT; };
/* End PBXFileReference section */

/* Begin PBXFrameworksBuildPhase section */
		511276CA12FF02FD008EAB02 /* Frameworks */ = {
			isa = PBXFrameworksBuildPhase;
			buildActionMask = 2147483647;
			files = (
				51C1F1A213C74C8500C2269A /* libBaconBox.a in Frameworks */,
				5103332913326EB20097CD96 /* AVFoundation.framework in Frameworks */,
				51C96A59132D459000A9B088 /* OpenAL.framework in Frameworks */,
				510C25DA13019C7D00CFE26E /* libz.dylib in Frameworks */,
				511276D212FF02FE008EAB02 /* UIKit.framework in Frameworks */,
				511276D412FF02FE008EAB02 /* Foundation.framework in Frameworks */,
				511276D612FF02FE008EAB02 /* CoreGraphics.framework in Frameworks */,
				511276D812FF02FE008EAB02 /* QuartzCore.framework in Frameworks */,
				511276DA12FF02FE008EAB02 /* OpenGLES.framework in Frameworks */,
			);
			runOnlyForDeploymentPostprocessing = 0;
		};
/* End PBXFrameworksBuildPhase section */

/* Begin PBXGroup section */
		510C25CA13019BF100CFE26E /* resources */ = {
			isa = PBXGroup;
			children = (
			);
			name = resources;
			path = ../../resources;
			sourceTree = "<group>";
		};
		511276C212FF02FD008EAB02 = {
			isa = PBXGroup;
			children = (
				51DA4B9213C6522500EE1031 /* platform */,
				5112772D12FF1DD3008EAB02 /* application */,
				510C25CA13019BF100CFE26E /* resources */,
				5112773312FF1DF3008EAB02 /* libraries */,
				511276D012FF02FE008EAB02 /* Frameworks */,
				511276CE12FF02FE008EAB02 /* Products */,
			);
			sourceTree = "<group>";
		};
		511276CE12FF02FE008EAB02 /* Products */ = {
			isa = PBXGroup;
			children = (
				511276CD12FF02FE008EAB02 /* BaconBoxApp.app */,
			);
			name = Products;
			sourceTree = "<group>";
		};
		511276D012FF02FE008EAB02 /* Frameworks */ = {
			isa = PBXGroup;
			children = (
				5103332813326EB20097CD96 /* AVFoundation.framework */,
				51C96A58132D459000A9B088 /* OpenAL.framework */,
				510C25D913019C7D00CFE26E /* libz.dylib */,
				51C96A56132D457100A9B088 /* OpenAL.framework */,
				511276D112FF02FE008EAB02 /* UIKit.framework */,
				511276D312FF02FE008EAB02 /* Foundation.framework */,
				511276D512FF02FE008EAB02 /* CoreGraphics.framework */,
				511276D712FF02FE008EAB02 /* QuartzCore.framework */,
				511276D912FF02FE008EAB02 /* OpenGLES.framework */,
			);
			name = Frameworks;
			sourceTree = "<group>";
		};
		5112772D12FF1DD3008EAB02 /* application */ = {
			isa = PBXGroup;
			children = (
				512AD25013C62F54009D9324 /* main.cpp */,
			);
			name = application;
			path = ../../application;
			sourceTree = "<group>";
		};
		5112773312FF1DF3008EAB02 /* libraries */ = {
			isa = PBXGroup;
			children = (
				51589DAD12FF329C00834D4D /* baconbox */,
			);
			name = libraries;
			path = ../../libraries;
			sourceTree = "<group>";
		};
		51589DAD12FF329C00834D4D /* baconbox */ = {
			isa = PBXGroup;
			children = (
				51C1F19913C74C7C00C2269A /* BaconBox.xcodeproj */,
			);
			name = baconbox;
			sourceTree = "<group>";
		};
		51C1F19A13C74C7C00C2269A /* Products */ = {
			isa = PBXGroup;
			children = (
				51C1F1A113C74C7C00C2269A /* libBaconBox.a */,
			);
			name = Products;
			sourceTree = "<group>";
		};
		51DA4B9213C6522500EE1031 /* platform */ = {
			isa = PBXGroup;
			children = (
				51DA4B9413C6522500EE1031 /* ios */,
			);
			name = platform;
			path = ../../platform;
			sourceTree = "<group>";
		};
		51DA4B9413C6522500EE1031 /* ios */ = {
			isa = PBXGroup;
			children = (
				51C1F0DA13C66ACB00C2269A /* BaconBoxApp-Info.plist */,
			);
			path = ios;
			sourceTree = "<group>";
		};
/* End PBXGroup section */

/* Begin PBXHeadersBuildPhase section */
		51589D9E12FF2F9500834D4D /* Headers */ = {
			isa = PBXHeadersBuildPhase;
			buildActionMask = 2147483647;
			files = (
			);
			runOnlyForDeploymentPostprocessing = 0;
		};
/* End PBXHeadersBuildPhase section */

/* Begin PBXNativeTarget section */
		511276CC12FF02FD008EAB02 /* BaconBoxApp */ = {
			isa = PBXNativeTarget;
			buildConfigurationList = 511276F912FF02FE008EAB02 /* Build configuration list for PBXNativeTarget "BaconBoxApp" */;
			buildPhases = (
				51FB253D1427AA5E009E7B4D /* libbuildtool */,
				511276C912FF02FD008EAB02 /* Sources */,
				511276CA12FF02FD008EAB02 /* Frameworks */,
				511276CB12FF02FD008EAB02 /* Resources */,
				51589D9E12FF2F9500834D4D /* Headers */,
			);
			buildRules = (
			);
			dependencies = (
				51C1F1A413C74C8800C2269A /* PBXTargetDependency */,
			);
			name = BaconBoxApp;
			productName = BaconBoxApp;
			productReference = 511276CD12FF02FE008EAB02 /* BaconBoxApp.app */;
			productType = "com.apple.product-type.application";
		};
/* End PBXNativeTarget section */

/* Begin PBXProject section */
		511276C412FF02FD008EAB02 /* Project object */ = {
			isa = PBXProject;
			attributes = {
				ORGANIZATIONNAME = "Anhero Inc.";
			};
			buildConfigurationList = 511276C712FF02FD008EAB02 /* Build configuration list for PBXProject "BaconBoxApp" */;
			compatibilityVersion = "Xcode 3.2";
			developmentRegion = English;
			hasScannedForEncodings = 0;
			knownRegions = (
				en,
			);
			mainGroup = 511276C212FF02FD008EAB02;
			productRefGroup = 511276CE12FF02FE008EAB02 /* Products */;
			projectDirPath = "";
			projectReferences = (
				{
					ProductGroup = 51C1F19A13C74C7C00C2269A /* Products */;
					ProjectRef = 51C1F19913C74C7C00C2269A /* BaconBox.xcodeproj */;
				},
			);
			projectRoot = "";
			targets = (
				511276CC12FF02FD008EAB02 /* BaconBoxApp */,
			);
		};
/* End PBXProject section */

/* Begin PBXReferenceProxy section */
		51C1F1A113C74C7C00C2269A /* libBaconBox.a */ = {
			isa = PBXReferenceProxy;
			fileType = archive.ar;
			path = libBaconBox.a;
			remoteRef = 51C1F1A013C74C7C00C2269A /* PBXContainerItemProxy */;
			sourceTree = BUILT_PRODUCTS_DIR;
		};
/* End PBXReferenceProxy section */

/* Begin PBXResourcesBuildPhase section */
		511276CB12FF02FD008EAB02 /* Resources */ = {
			isa = PBXResourcesBuildPhase;
			buildActionMask = 2147483647;
			files = (
				51C1F0DB13C66ACB00C2269A /* BaconBoxApp-Info.plist in Resources */,
			);
			runOnlyForDeploymentPostprocessing = 0;
		};
/* End PBXResourcesBuildPhase section */

/* Begin PBXShellScriptBuildPhase section */
		51FB253D1427AA5E009E7B4D /* libbuildtool */ = {
			isa = PBXShellScriptBuildPhase;
			buildActionMask = 2147483647;
			files = (
			);
			inputPaths = (
			);
			name = libbuildtool;
			outputPaths = (
			);
			runOnlyForDeploymentPostprocessing = 0;
			shellPath = /bin/sh;
			shellScript = "\"${SRCROOT}/../../script/libbuildtool/iphone-universal\"\n";
			showEnvVarsInLog = 0;
		};
/* End PBXShellScriptBuildPhase section */

/* Begin PBXSourcesBuildPhase section */
		511276C912FF02FD008EAB02 /* Sources */ = {
			isa = PBXSourcesBuildPhase;
			buildActionMask = 2147483647;
			files = (
				512AD25113C62F54009D9324 /* main.cpp in Sources */,
			);
			runOnlyForDeploymentPostprocessing = 0;
		};
/* End PBXSourcesBuildPhase section */

/* Begin PBXTargetDependency section */
		51C1F1A413C74C8800C2269A /* PBXTargetDependency */ = {
			isa = PBXTargetDependency;
			name = BaconBox;
			targetProxy = 51C1F1A313C74C8800C2269A /* PBXContainerItemProxy */;
		};
/* End PBXTargetDependency section */

/* Begin XCBuildConfiguration section */
		511276F712FF02FE008EAB02 /* Debug */ = {
			isa = XCBuildConfiguration;
			buildSettings = {
				ARCHS = "$(ARCHS_STANDARD_32_BIT)";
				"CODE_SIGN_IDENTITY[sdk=iphoneos*]" = "iPhone Developer";
				COMPRESS_PNG_FILES = NO;
				GCC_C_LANGUAGE_STANDARD = gnu99;
				GCC_INPUT_FILETYPE = sourcecode.cpp.objcpp;
				GCC_OPTIMIZATION_LEVEL = 0;
				GCC_PREPROCESSOR_DEFINITIONS = DEBUG;
				GCC_VERSION = com.apple.compilers.llvm.clang.1_0;
				GCC_WARN_ABOUT_RETURN_TYPE = YES;
				GCC_WARN_UNUSED_VARIABLE = YES;
				INFOPLIST_FILE = "xcode_specific/BaconBoxApp-Info.plist";
				IPHONEOS_DEPLOYMENT_TARGET = 3.0;
				SDKROOT = iphoneos;
				TARGETED_DEVICE_FAMILY = "1,2";
			};
			name = Debug;
		};
		511276F812FF02FE008EAB02 /* Release */ = {
			isa = XCBuildConfiguration;
			buildSettings = {
				ARCHS = "$(ARCHS_STANDARD_32_BIT)";
				"CODE_SIGN_IDENTITY[sdk=iphoneos*]" = "iPhone Developer";
				COMPRESS_PNG_FILES = NO;
				GCC_C_LANGUAGE_STANDARD = gnu99;
				GCC_INPUT_FILETYPE = sourcecode.cpp.objcpp;
				GCC_VERSION = com.apple.compilers.llvm.clang.1_0;
				GCC_WARN_ABOUT_RETURN_TYPE = YES;
				GCC_WARN_UNUSED_VARIABLE = YES;
				INFOPLIST_FILE = "xcode_specific/BaconBoxApp-Info.plist";
				IPHONEOS_DEPLOYMENT_TARGET = 3.0;
				OTHER_CFLAGS = "-DNS_BLOCK_ASSERTIONS=1";
				SDKROOT = iphoneos;
				TARGETED_DEVICE_FAMILY = "1,2";
			};
			name = Release;
		};
		511276FA12FF02FE008EAB02 /* Debug */ = {
			isa = XCBuildConfiguration;
			buildSettings = {
				ALWAYS_SEARCH_USER_PATHS = NO;
				COPY_PHASE_STRIP = NO;
				GCC_DYNAMIC_NO_PIC = NO;
				GCC_PRECOMPILE_PREFIX_HEADER = YES;
				GCC_PREFIX_HEADER = "";
				"GCC_THUMB_SUPPORT[arch=armv6]" = "";
				HEADER_SEARCH_PATHS = "\"$(BUILT_PRODUCTS_DIR)/include\"";
				INFOPLIST_FILE = "../../platform/ios/BaconBoxApp-Info.plist";
				PRODUCT_NAME = "$(TARGET_NAME)";
				USER_HEADER_SEARCH_PATHS = "";
				WRAPPER_EXTENSION = app;
			};
			name = Debug;
		};
		511276FB12FF02FE008EAB02 /* Release */ = {
			isa = XCBuildConfiguration;
			buildSettings = {
				ALWAYS_SEARCH_USER_PATHS = NO;
				COPY_PHASE_STRIP = YES;
				GCC_PRECOMPILE_PREFIX_HEADER = YES;
				GCC_PREFIX_HEADER = "";
				"GCC_THUMB_SUPPORT[arch=armv6]" = "";
				HEADER_SEARCH_PATHS = "\"$(BUILT_PRODUCTS_DIR)/include\"";
				INFOPLIST_FILE = "../../platform/ios/BaconBoxApp-Info.plist";
				PRODUCT_NAME = "$(TARGET_NAME)";
				USER_HEADER_SEARCH_PATHS = "";
				VALIDATE_PRODUCT = YES;
				WRAPPER_EXTENSION = app;
			};
			name = Release;
		};
/* End XCBuildConfiguration section */

/* Begin XCConfigurationList section */
		511276C712FF02FD008EAB02 /* Build configuration list for PBXProject "BaconBoxApp" */ = {
			isa = XCConfigurationList;
			buildConfigurations = (
				511276F712FF02FE008EAB02 /* Debug */,
				511276F812FF02FE008EAB02 /* Release */,
			);
			defaultConfigurationIsVisible = 0;
			defaultConfigurationName = Release;
		};
		511276F912FF02FE008EAB02 /* Build configuration list for PBXNativeTarget "BaconBoxApp" */ = {
			isa = XCConfigurationList;
			buildConfigurations = (
				511276FA12FF02FE008EAB02 /* Debug */,
				511276FB12FF02FE008EAB02 /* Release */,
			);
			defaultConfigurationIsVisible = 0;
			defaultConfigurationName = Release;
		};
/* End XCConfigurationList section */
	};
	rootObject = 511276C412FF02FD008EAB02 /* Project object */;
}
