// !$*UTF8*$!
{
	archiveVersion = 1;
	classes = {
	};
	objectVersion = 46;
	objects = {

/* Begin PBXBuildFile section */
		5103332913326EB20097CD96 /* AVFoundation.framework in Frameworks */ = {isa = PBXBuildFile; fileRef = 5103332813326EB20097CD96 /* AVFoundation.framework */; };
		510C25DA13019C7D00CFE26E /* libz.dylib in Frameworks */ = {isa = PBXBuildFile; fileRef = 510C25D913019C7D00CFE26E /* libz.dylib */; };
		511276D212FF02FE008EAB02 /* UIKit.framework in Frameworks */ = {isa = PBXBuildFile; fileRef = 511276D112FF02FE008EAB02 /* UIKit.framework */; };
		511276D412FF02FE008EAB02 /* Foundation.framework in Frameworks */ = {isa = PBXBuildFile; fileRef = 511276D312FF02FE008EAB02 /* Foundation.framework */; };
		511276D612FF02FE008EAB02 /* CoreGraphics.framework in Frameworks */ = {isa = PBXBuildFile; fileRef = 511276D512FF02FE008EAB02 /* CoreGraphics.framework */; };
		511276D812FF02FE008EAB02 /* QuartzCore.framework in Frameworks */ = {isa = PBXBuildFile; fileRef = 511276D712FF02FE008EAB02 /* QuartzCore.framework */; };
		511276DA12FF02FE008EAB02 /* OpenGLES.framework in Frameworks */ = {isa = PBXBuildFile; fileRef = 511276D912FF02FE008EAB02 /* OpenGLES.framework */; };
		512AD25113C62F54009D9324 /* main.cpp in Sources */ = {isa = PBXBuildFile; fileRef = 512AD25013C62F54009D9324 /* main.cpp */; };
		514E76DE13C654B20024ADAB /* EAGLView.h in Headers */ = {isa = PBXBuildFile; fileRef = 514E76D813C654B20024ADAB /* EAGLView.h */; };
		514E76DF13C654B20024ADAB /* EAGLView.m in Sources */ = {isa = PBXBuildFile; fileRef = 514E76D913C654B20024ADAB /* EAGLView.m */; };
		514E76E013C654B20024ADAB /* RedBoxAppAppDelegate.h in Headers */ = {isa = PBXBuildFile; fileRef = 514E76DA13C654B20024ADAB /* RedBoxAppAppDelegate.h */; };
		514E76E113C654B20024ADAB /* RedBoxAppAppDelegate.m in Sources */ = {isa = PBXBuildFile; fileRef = 514E76DB13C654B20024ADAB /* RedBoxAppAppDelegate.m */; };
		514E76E213C654B20024ADAB /* RedBoxAppViewController.h in Headers */ = {isa = PBXBuildFile; fileRef = 514E76DC13C654B20024ADAB /* RedBoxAppViewController.h */; };
		514E76E313C654B20024ADAB /* RedBoxAppViewController.m in Sources */ = {isa = PBXBuildFile; fileRef = 514E76DD13C654B20024ADAB /* RedBoxAppViewController.m */; };
		51578C821301BEAB009862CE /* libRedBox.a in Frameworks */ = {isa = PBXBuildFile; fileRef = 515EB55412FF3C12004FB469 /* libRedBox.a */; };
		51C96A59132D459000A9B088 /* OpenAL.framework in Frameworks */ = {isa = PBXBuildFile; fileRef = 51C96A58132D459000A9B088 /* OpenAL.framework */; };
		51DA4B9613C6522500EE1031 /* RedBoxApp-Info.plist in Resources */ = {isa = PBXBuildFile; fileRef = 51DA4B9513C6522500EE1031 /* RedBoxApp-Info.plist */; };
/* End PBXBuildFile section */

/* Begin PBXContainerItemProxy section */
		510C261913019E9500CFE26E /* PBXContainerItemProxy */ = {
			isa = PBXContainerItemProxy;
			containerPortal = 5112773A12FF2011008EAB02 /* RedBox.xcodeproj */;
			proxyType = 1;
			remoteGlobalIDString = 5192774611D5B0F100C65B15;
			remoteInfo = RedBox;
		};
		515EB55312FF3C12004FB469 /* PBXContainerItemProxy */ = {
			isa = PBXContainerItemProxy;
			containerPortal = 5112773A12FF2011008EAB02 /* RedBox.xcodeproj */;
			proxyType = 2;
			remoteGlobalIDString = 515EB50512FF34AA004FB469;
			remoteInfo = RedBox;
		};
/* End PBXContainerItemProxy section */

/* Begin PBXFileReference section */
		5103332813326EB20097CD96 /* AVFoundation.framework */ = {isa = PBXFileReference; lastKnownFileType = wrapper.framework; name = AVFoundation.framework; path = System/Library/Frameworks/AVFoundation.framework; sourceTree = SDKROOT; };
		510C25D913019C7D00CFE26E /* libz.dylib */ = {isa = PBXFileReference; lastKnownFileType = "compiled.mach-o.dylib"; name = libz.dylib; path = usr/lib/libz.dylib; sourceTree = SDKROOT; };
		511276CD12FF02FE008EAB02 /* RedBoxApp.app */ = {isa = PBXFileReference; explicitFileType = wrapper.application; includeInIndex = 0; path = RedBoxApp.app; sourceTree = BUILT_PRODUCTS_DIR; };
		511276D112FF02FE008EAB02 /* UIKit.framework */ = {isa = PBXFileReference; lastKnownFileType = wrapper.framework; name = UIKit.framework; path = System/Library/Frameworks/UIKit.framework; sourceTree = SDKROOT; };
		511276D312FF02FE008EAB02 /* Foundation.framework */ = {isa = PBXFileReference; lastKnownFileType = wrapper.framework; name = Foundation.framework; path = System/Library/Frameworks/Foundation.framework; sourceTree = SDKROOT; };
		511276D512FF02FE008EAB02 /* CoreGraphics.framework */ = {isa = PBXFileReference; lastKnownFileType = wrapper.framework; name = CoreGraphics.framework; path = System/Library/Frameworks/CoreGraphics.framework; sourceTree = SDKROOT; };
		511276D712FF02FE008EAB02 /* QuartzCore.framework */ = {isa = PBXFileReference; lastKnownFileType = wrapper.framework; name = QuartzCore.framework; path = System/Library/Frameworks/QuartzCore.framework; sourceTree = SDKROOT; };
		511276D912FF02FE008EAB02 /* OpenGLES.framework */ = {isa = PBXFileReference; lastKnownFileType = wrapper.framework; name = OpenGLES.framework; path = System/Library/Frameworks/OpenGLES.framework; sourceTree = SDKROOT; };
		5112773A12FF2011008EAB02 /* RedBox.xcodeproj */ = {isa = PBXFileReference; lastKnownFileType = "wrapper.pb-project"; name = RedBox.xcodeproj; path = redbox/ide/Xcode/RedBox.xcodeproj; sourceTree = "<group>"; };
		512AD25013C62F54009D9324 /* main.cpp */ = {isa = PBXFileReference; fileEncoding = 4; lastKnownFileType = sourcecode.cpp.cpp; path = main.cpp; sourceTree = "<group>"; };
		514E76D813C654B20024ADAB /* EAGLView.h */ = {isa = PBXFileReference; fileEncoding = 4; lastKnownFileType = sourcecode.c.h; path = EAGLView.h; sourceTree = "<group>"; };
		514E76D913C654B20024ADAB /* EAGLView.m */ = {isa = PBXFileReference; fileEncoding = 4; lastKnownFileType = sourcecode.c.objc; path = EAGLView.m; sourceTree = "<group>"; };
		514E76DA13C654B20024ADAB /* RedBoxAppAppDelegate.h */ = {isa = PBXFileReference; fileEncoding = 4; lastKnownFileType = sourcecode.c.h; path = RedBoxAppAppDelegate.h; sourceTree = "<group>"; };
		514E76DB13C654B20024ADAB /* RedBoxAppAppDelegate.m */ = {isa = PBXFileReference; fileEncoding = 4; lastKnownFileType = sourcecode.c.objc; path = RedBoxAppAppDelegate.m; sourceTree = "<group>"; };
		514E76DC13C654B20024ADAB /* RedBoxAppViewController.h */ = {isa = PBXFileReference; fileEncoding = 4; lastKnownFileType = sourcecode.c.h; path = RedBoxAppViewController.h; sourceTree = "<group>"; };
		514E76DD13C654B20024ADAB /* RedBoxAppViewController.m */ = {isa = PBXFileReference; fileEncoding = 4; lastKnownFileType = sourcecode.c.objc; path = RedBoxAppViewController.m; sourceTree = "<group>"; };
		51C96A56132D457100A9B088 /* OpenAL.framework */ = {isa = PBXFileReference; lastKnownFileType = wrapper.framework; name = OpenAL.framework; path = System/Library/Frameworks/OpenAL.framework; sourceTree = SDKROOT; };
		51C96A58132D459000A9B088 /* OpenAL.framework */ = {isa = PBXFileReference; lastKnownFileType = wrapper.framework; name = OpenAL.framework; path = System/Library/Frameworks/OpenAL.framework; sourceTree = SDKROOT; };
		51DA4B9513C6522500EE1031 /* RedBoxApp-Info.plist */ = {isa = PBXFileReference; fileEncoding = 4; lastKnownFileType = text.plist.xml; path = "RedBoxApp-Info.plist"; sourceTree = "<group>"; };
/* End PBXFileReference section */

/* Begin PBXFrameworksBuildPhase section */
		511276CA12FF02FD008EAB02 /* Frameworks */ = {
			isa = PBXFrameworksBuildPhase;
			buildActionMask = 2147483647;
			files = (
				5103332913326EB20097CD96 /* AVFoundation.framework in Frameworks */,
				51C96A59132D459000A9B088 /* OpenAL.framework in Frameworks */,
				510C25DA13019C7D00CFE26E /* libz.dylib in Frameworks */,
				511276D212FF02FE008EAB02 /* UIKit.framework in Frameworks */,
				511276D412FF02FE008EAB02 /* Foundation.framework in Frameworks */,
				511276D612FF02FE008EAB02 /* CoreGraphics.framework in Frameworks */,
				511276D812FF02FE008EAB02 /* QuartzCore.framework in Frameworks */,
				511276DA12FF02FE008EAB02 /* OpenGLES.framework in Frameworks */,
				51578C821301BEAB009862CE /* libRedBox.a in Frameworks */,
			);
			runOnlyForDeploymentPostprocessing = 0;
		};
/* End PBXFrameworksBuildPhase section */

/* Begin PBXGroup section */
		510C25CA13019BF100CFE26E /* resources */ = {
			isa = PBXGroup;
			children = (
			);
			name = resources;
			path = ../../resources;
			sourceTree = "<group>";
		};
		511276C212FF02FD008EAB02 = {
			isa = PBXGroup;
			children = (
				51DA4B9213C6522500EE1031 /* platform */,
				5112772D12FF1DD3008EAB02 /* application */,
				510C25CA13019BF100CFE26E /* resources */,
				5112773312FF1DF3008EAB02 /* libraries */,
				511276D012FF02FE008EAB02 /* Frameworks */,
				511276CE12FF02FE008EAB02 /* Products */,
			);
			sourceTree = "<group>";
		};
		511276CE12FF02FE008EAB02 /* Products */ = {
			isa = PBXGroup;
			children = (
				511276CD12FF02FE008EAB02 /* RedBoxApp.app */,
			);
			name = Products;
			sourceTree = "<group>";
		};
		511276D012FF02FE008EAB02 /* Frameworks */ = {
			isa = PBXGroup;
			children = (
				5103332813326EB20097CD96 /* AVFoundation.framework */,
				51C96A58132D459000A9B088 /* OpenAL.framework */,
				510C25D913019C7D00CFE26E /* libz.dylib */,
				51C96A56132D457100A9B088 /* OpenAL.framework */,
				511276D112FF02FE008EAB02 /* UIKit.framework */,
				511276D312FF02FE008EAB02 /* Foundation.framework */,
				511276D512FF02FE008EAB02 /* CoreGraphics.framework */,
				511276D712FF02FE008EAB02 /* QuartzCore.framework */,
				511276D912FF02FE008EAB02 /* OpenGLES.framework */,
			);
			name = Frameworks;
			sourceTree = "<group>";
		};
		5112772D12FF1DD3008EAB02 /* application */ = {
			isa = PBXGroup;
			children = (
				512AD25013C62F54009D9324 /* main.cpp */,
			);
			name = application;
			path = ../../application;
			sourceTree = "<group>";
		};
		5112773312FF1DF3008EAB02 /* libraries */ = {
			isa = PBXGroup;
			children = (
				51589DAD12FF329C00834D4D /* redbox */,
			);
			name = libraries;
			path = ../../libraries;
			sourceTree = "<group>";
		};
		51589DAD12FF329C00834D4D /* redbox */ = {
			isa = PBXGroup;
			children = (
				5112773A12FF2011008EAB02 /* RedBox.xcodeproj */,
			);
			name = redbox;
			sourceTree = "<group>";
		};
		515EB54E12FF3C12004FB469 /* Products */ = {
			isa = PBXGroup;
			children = (
				515EB55412FF3C12004FB469 /* libRedBox.a */,
			);
			name = Products;
			sourceTree = "<group>";
		};
		51DA4B9213C6522500EE1031 /* platform */ = {
			isa = PBXGroup;
			children = (
				51DA4B9413C6522500EE1031 /* ios */,
			);
			name = platform;
			path = ../../platform;
			sourceTree = "<group>";
		};
		51DA4B9413C6522500EE1031 /* ios */ = {
			isa = PBXGroup;
			children = (
				514E76D813C654B20024ADAB /* EAGLView.h */,
				514E76D913C654B20024ADAB /* EAGLView.m */,
				514E76DA13C654B20024ADAB /* RedBoxAppAppDelegate.h */,
				514E76DB13C654B20024ADAB /* RedBoxAppAppDelegate.m */,
				514E76DC13C654B20024ADAB /* RedBoxAppViewController.h */,
				514E76DD13C654B20024ADAB /* RedBoxAppViewController.m */,
				51DA4B9513C6522500EE1031 /* RedBoxApp-Info.plist */,
			);
			path = ios;
			sourceTree = "<group>";
		};
/* End PBXGroup section */

/* Begin PBXHeadersBuildPhase section */
		51589D9E12FF2F9500834D4D /* Headers */ = {
			isa = PBXHeadersBuildPhase;
			buildActionMask = 2147483647;
			files = (
				514E76DE13C654B20024ADAB /* EAGLView.h in Headers */,
				514E76E013C654B20024ADAB /* RedBoxAppAppDelegate.h in Headers */,
				514E76E213C654B20024ADAB /* RedBoxAppViewController.h in Headers */,
			);
			runOnlyForDeploymentPostprocessing = 0;
		};
/* End PBXHeadersBuildPhase section */

/* Begin PBXNativeTarget section */
		511276CC12FF02FD008EAB02 /* RedBoxApp */ = {
			isa = PBXNativeTarget;
			buildConfigurationList = 511276F912FF02FE008EAB02 /* Build configuration list for PBXNativeTarget "RedBoxApp" */;
			buildPhases = (
				511276C912FF02FD008EAB02 /* Sources */,
				511276CA12FF02FD008EAB02 /* Frameworks */,
				511276CB12FF02FD008EAB02 /* Resources */,
				51589D9E12FF2F9500834D4D /* Headers */,
			);
			buildRules = (
			);
			dependencies = (
				510C261A13019E9500CFE26E /* PBXTargetDependency */,
			);
			name = RedBoxApp;
			productName = RedBoxApp;
			productReference = 511276CD12FF02FE008EAB02 /* RedBoxApp.app */;
			productType = "com.apple.product-type.application";
		};
/* End PBXNativeTarget section */

/* Begin PBXProject section */
		511276C412FF02FD008EAB02 /* Project object */ = {
			isa = PBXProject;
			attributes = {
				ORGANIZATIONNAME = "Anhero Inc.";
			};
			buildConfigurationList = 511276C712FF02FD008EAB02 /* Build configuration list for PBXProject "RedBoxApp" */;
			compatibilityVersion = "Xcode 3.2";
			developmentRegion = English;
			hasScannedForEncodings = 0;
			knownRegions = (
				en,
			);
			mainGroup = 511276C212FF02FD008EAB02;
			productRefGroup = 511276CE12FF02FE008EAB02 /* Products */;
			projectDirPath = "";
			projectReferences = (
				{
					ProductGroup = 515EB54E12FF3C12004FB469 /* Products */;
					ProjectRef = 5112773A12FF2011008EAB02 /* RedBox.xcodeproj */;
				},
			);
			projectRoot = "";
			targets = (
				511276CC12FF02FD008EAB02 /* RedBoxApp */,
			);
		};
/* End PBXProject section */

/* Begin PBXReferenceProxy section */
		515EB55412FF3C12004FB469 /* libRedBox.a */ = {
			isa = PBXReferenceProxy;
			fileType = archive.ar;
			path = libRedBox.a;
			remoteRef = 515EB55312FF3C12004FB469 /* PBXContainerItemProxy */;
			sourceTree = BUILT_PRODUCTS_DIR;
		};
/* End PBXReferenceProxy section */

/* Begin PBXResourcesBuildPhase section */
		511276CB12FF02FD008EAB02 /* Resources */ = {
			isa = PBXResourcesBuildPhase;
			buildActionMask = 2147483647;
			files = (
				51DA4B9613C6522500EE1031 /* RedBoxApp-Info.plist in Resources */,
			);
			runOnlyForDeploymentPostprocessing = 0;
		};
/* End PBXResourcesBuildPhase section */

/* Begin PBXSourcesBuildPhase section */
		511276C912FF02FD008EAB02 /* Sources */ = {
			isa = PBXSourcesBuildPhase;
			buildActionMask = 2147483647;
			files = (
				512AD25113C62F54009D9324 /* main.cpp in Sources */,
				514E76DF13C654B20024ADAB /* EAGLView.m in Sources */,
				514E76E113C654B20024ADAB /* RedBoxAppAppDelegate.m in Sources */,
				514E76E313C654B20024ADAB /* RedBoxAppViewController.m in Sources */,
			);
			runOnlyForDeploymentPostprocessing = 0;
		};
/* End PBXSourcesBuildPhase section */

/* Begin PBXTargetDependency section */
		510C261A13019E9500CFE26E /* PBXTargetDependency */ = {
			isa = PBXTargetDependency;
			name = RedBox;
			targetProxy = 510C261913019E9500CFE26E /* PBXContainerItemProxy */;
		};
/* End PBXTargetDependency section */

/* Begin XCBuildConfiguration section */
		511276F712FF02FE008EAB02 /* Debug */ = {
			isa = XCBuildConfiguration;
			buildSettings = {
				ARCHS = "$(ARCHS_STANDARD_32_BIT)";
				"CODE_SIGN_IDENTITY[sdk=iphoneos*]" = "iPhone Developer";
				COMPRESS_PNG_FILES = NO;
				GCC_C_LANGUAGE_STANDARD = gnu99;
				GCC_INPUT_FILETYPE = sourcecode.cpp.objcpp;
				GCC_OPTIMIZATION_LEVEL = 0;
				GCC_PREPROCESSOR_DEFINITIONS = DEBUG;
				GCC_VERSION = com.apple.compilers.llvm.clang.1_0;
				GCC_WARN_ABOUT_RETURN_TYPE = YES;
				GCC_WARN_UNUSED_VARIABLE = YES;
				INFOPLIST_FILE = "xcode_specific/RedBoxApp-Info.plist";
				IPHONEOS_DEPLOYMENT_TARGET = 3.0;
				SDKROOT = iphoneos;
				TARGETED_DEVICE_FAMILY = "1,2";
			};
			name = Debug;
		};
		511276F812FF02FE008EAB02 /* Release */ = {
			isa = XCBuildConfiguration;
			buildSettings = {
				ARCHS = "$(ARCHS_STANDARD_32_BIT)";
				"CODE_SIGN_IDENTITY[sdk=iphoneos*]" = "iPhone Developer";
				COMPRESS_PNG_FILES = NO;
				GCC_C_LANGUAGE_STANDARD = gnu99;
				GCC_INPUT_FILETYPE = sourcecode.cpp.objcpp;
				GCC_VERSION = com.apple.compilers.llvm.clang.1_0;
				GCC_WARN_ABOUT_RETURN_TYPE = YES;
				GCC_WARN_UNUSED_VARIABLE = YES;
				INFOPLIST_FILE = "xcode_specific/RedBoxApp-Info.plist";
				IPHONEOS_DEPLOYMENT_TARGET = 3.0;
				OTHER_CFLAGS = "-DNS_BLOCK_ASSERTIONS=1";
				SDKROOT = iphoneos;
				TARGETED_DEVICE_FAMILY = "1,2";
			};
			name = Release;
		};
		511276FA12FF02FE008EAB02 /* Debug */ = {
			isa = XCBuildConfiguration;
			buildSettings = {
				ALWAYS_SEARCH_USER_PATHS = NO;
				COPY_PHASE_STRIP = NO;
				GCC_DYNAMIC_NO_PIC = NO;
				GCC_PRECOMPILE_PREFIX_HEADER = YES;
				GCC_PREFIX_HEADER = "";
				"GCC_THUMB_SUPPORT[arch=armv6]" = "";
				HEADER_SEARCH_PATHS = "\"$(BUILT_PRODUCTS_DIR)/include\"";
				INFOPLIST_FILE = "../../platform/ios/RedBoxApp-Info.plist";
				PRODUCT_NAME = "$(TARGET_NAME)";
				USER_HEADER_SEARCH_PATHS = "";
				WRAPPER_EXTENSION = app;
			};
			name = Debug;
		};
		511276FB12FF02FE008EAB02 /* Release */ = {
			isa = XCBuildConfiguration;
			buildSettings = {
				ALWAYS_SEARCH_USER_PATHS = NO;
				COPY_PHASE_STRIP = YES;
				GCC_PRECOMPILE_PREFIX_HEADER = YES;
				GCC_PREFIX_HEADER = "";
				"GCC_THUMB_SUPPORT[arch=armv6]" = "";
				HEADER_SEARCH_PATHS = "\"$(BUILT_PRODUCTS_DIR)/include\"";
				INFOPLIST_FILE = "../../platform/ios/RedBoxApp-Info.plist";
				PRODUCT_NAME = "$(TARGET_NAME)";
				USER_HEADER_SEARCH_PATHS = "";
				VALIDATE_PRODUCT = YES;
				WRAPPER_EXTENSION = app;
			};
			name = Release;
		};
/* End XCBuildConfiguration section */

/* Begin XCConfigurationList section */
		511276C712FF02FD008EAB02 /* Build configuration list for PBXProject "RedBoxApp" */ = {
			isa = XCConfigurationList;
			buildConfigurations = (
				511276F712FF02FE008EAB02 /* Debug */,
				511276F812FF02FE008EAB02 /* Release */,
			);
			defaultConfigurationIsVisible = 0;
			defaultConfigurationName = Release;
		};
		511276F912FF02FE008EAB02 /* Build configuration list for PBXNativeTarget "RedBoxApp" */ = {
			isa = XCConfigurationList;
			buildConfigurations = (
				511276FA12FF02FE008EAB02 /* Debug */,
				511276FB12FF02FE008EAB02 /* Release */,
			);
			defaultConfigurationIsVisible = 0;
			defaultConfigurationName = Release;
		};
/* End XCConfigurationList section */
	};
	rootObject = 511276C412FF02FD008EAB02 /* Project object */;
}
